
Microsoft Visual Studio Solution File, Format Version 12.00
# Visual Studio 2015
Project("{FAE04EC0-301F-11D3-BF4B-00C04F79EFBC}") = "codeSpark.CSharp", "codeSpark.CSharp.csproj", "{50F80C56-89A9-FCB3-875A-D0D1A2862A22}"
EndProject
Project("{FAE04EC0-301F-11D3-BF4B-00C04F79EFBC}") = "codeSpark.CSharp.Editor", "codeSpark.CSharp.Editor.csproj", "{4A712BEE-9216-A1E4-4085-5ABFEFD2901F}"
EndProject
Global
	GlobalSection(SolutionConfigurationPlatforms) = preSolution
		Debug|Any CPU = Debug|Any CPU
		Release|Any CPU = Release|Any CPU
	EndGlobalSection
	GlobalSection(ProjectConfigurationPlatforms) = postSolution
		{50F80C56-89A9-FCB3-875A-D0D1A2862A22}.Debug|Any CPU.ActiveCfg = Debug|Any CPU
		{50F80C56-89A9-FCB3-875A-D0D1A2862A22}.Debug|Any CPU.Build.0 = Debug|Any CPU
		{50F80C56-89A9-FCB3-875A-D0D1A2862A22}.Release|Any CPU.ActiveCfg = Release|Any CPU
		{50F80C56-89A9-FCB3-875A-D0D1A2862A22}.Release|Any CPU.Build.0 = Release|Any CPU
		{4A712BEE-9216-A1E4-4085-5ABFEFD2901F}.Debug|Any CPU.ActiveCfg = Debug|Any CPU
		{4A712BEE-9216-A1E4-4085-5ABFEFD2901F}.Debug|Any CPU.Build.0 = Debug|Any CPU
		{4A712BEE-9216-A1E4-4085-5ABFEFD2901F}.Release|Any CPU.ActiveCfg = Release|Any CPU
		{4A712BEE-9216-A1E4-4085-5ABFEFD2901F}.Release|Any CPU.Build.0 = Release|Any CPU
	EndGlobalSection
	GlobalSection(SolutionProperties) = preSolution
		HideSolutionNode = FALSE
	EndGlobalSection
EndGlobal
